// !$*UTF8*$!
{
	archiveVersion = 1;
	classes = {
	};
	objectVersion = 56;
	objects = {

/* Begin PBXBuildFile section */
		60A1AF142B66898C001006CE /* AppDelegate.swift in Sources */ = {isa = PBXBuildFile; fileRef = 60A1AF132B66898C001006CE /* AppDelegate.swift */; };
		60A1AF162B66898C001006CE /* SceneDelegate.swift in Sources */ = {isa = PBXBuildFile; fileRef = 60A1AF152B66898C001006CE /* SceneDelegate.swift */; };
		60A1AF182B66898C001006CE /* ViewController.swift in Sources */ = {isa = PBXBuildFile; fileRef = 60A1AF172B66898C001006CE /* ViewController.swift */; };
		60A1AF1B2B66898C001006CE /* Main.storyboard in Resources */ = {isa = PBXBuildFile; fileRef = 60A1AF192B66898C001006CE /* Main.storyboard */; };
		60A1AF1D2B66898E001006CE /* Assets.xcassets in Resources */ = {isa = PBXBuildFile; fileRef = 60A1AF1C2B66898E001006CE /* Assets.xcassets */; };
		60A1AF202B66898E001006CE /* LaunchScreen.storyboard in Resources */ = {isa = PBXBuildFile; fileRef = 60A1AF1E2B66898E001006CE /* LaunchScreen.storyboard */; };
		60A1AF2B2B66898E001006CE /* TMDBAppTests.swift in Sources */ = {isa = PBXBuildFile; fileRef = 60A1AF2A2B66898E001006CE /* TMDBAppTests.swift */; };
		60A1AF352B66898E001006CE /* TMDBAppUITests.swift in Sources */ = {isa = PBXBuildFile; fileRef = 60A1AF342B66898E001006CE /* TMDBAppUITests.swift */; };
		60A1AF372B66898E001006CE /* TMDBAppUITestsLaunchTests.swift in Sources */ = {isa = PBXBuildFile; fileRef = 60A1AF362B66898E001006CE /* TMDBAppUITestsLaunchTests.swift */; };
/* End PBXBuildFile section */

/* Begin PBXContainerItemProxy section */
		60A1AF272B66898E001006CE /* PBXContainerItemProxy */ = {
			isa = PBXContainerItemProxy;
			containerPortal = 60A1AF082B66898B001006CE /* Project object */;
			proxyType = 1;
			remoteGlobalIDString = 60A1AF0F2B66898B001006CE;
			remoteInfo = TMDBApp;
		};
		60A1AF312B66898E001006CE /* PBXContainerItemProxy */ = {
			isa = PBXContainerItemProxy;
			containerPortal = 60A1AF082B66898B001006CE /* Project object */;
			proxyType = 1;
			remoteGlobalIDString = 60A1AF0F2B66898B001006CE;
			remoteInfo = TMDBApp;
		};
/* End PBXContainerItemProxy section */

/* Begin PBXFileReference section */
		60337A342B680829002045C1 /* Networking */ = {isa = PBXFileReference; lastKnownFileType = wrapper; path = Networking; sourceTree = "<group>"; };
		60A1AF102B66898B001006CE /* TMDBApp.app */ = {isa = PBXFileReference; explicitFileType = wrapper.application; includeInIndex = 0; path = TMDBApp.app; sourceTree = BUILT_PRODUCTS_DIR; };
		60A1AF132B66898C001006CE /* AppDelegate.swift */ = {isa = PBXFileReference; lastKnownFileType = sourcecode.swift; path = AppDelegate.swift; sourceTree = "<group>"; };
		60A1AF152B66898C001006CE /* SceneDelegate.swift */ = {isa = PBXFileReference; lastKnownFileType = sourcecode.swift; path = SceneDelegate.swift; sourceTree = "<group>"; };
		60A1AF172B66898C001006CE /* ViewController.swift */ = {isa = PBXFileReference; lastKnownFileType = sourcecode.swift; path = ViewController.swift; sourceTree = "<group>"; };
		60A1AF1A2B66898C001006CE /* Base */ = {isa = PBXFileReference; lastKnownFileType = file.storyboard; name = Base; path = Base.lproj/Main.storyboard; sourceTree = "<group>"; };
		60A1AF1C2B66898E001006CE /* Assets.xcassets */ = {isa = PBXFileReference; lastKnownFileType = folder.assetcatalog; path = Assets.xcassets; sourceTree = "<group>"; };
		60A1AF1F2B66898E001006CE /* Base */ = {isa = PBXFileReference; lastKnownFileType = file.storyboard; name = Base; path = Base.lproj/LaunchScreen.storyboard; sourceTree = "<group>"; };
		60A1AF212B66898E001006CE /* Info.plist */ = {isa = PBXFileReference; lastKnownFileType = text.plist.xml; path = Info.plist; sourceTree = "<group>"; };
		60A1AF262B66898E001006CE /* TMDBAppTests.xctest */ = {isa = PBXFileReference; explicitFileType = wrapper.cfbundle; includeInIndex = 0; path = TMDBAppTests.xctest; sourceTree = BUILT_PRODUCTS_DIR; };
		60A1AF2A2B66898E001006CE /* TMDBAppTests.swift */ = {isa = PBXFileReference; lastKnownFileType = sourcecode.swift; path = TMDBAppTests.swift; sourceTree = "<group>"; };
		60A1AF302B66898E001006CE /* TMDBAppUITests.xctest */ = {isa = PBXFileReference; explicitFileType = wrapper.cfbundle; includeInIndex = 0; path = TMDBAppUITests.xctest; sourceTree = BUILT_PRODUCTS_DIR; };
		60A1AF342B66898E001006CE /* TMDBAppUITests.swift */ = {isa = PBXFileReference; lastKnownFileType = sourcecode.swift; path = TMDBAppUITests.swift; sourceTree = "<group>"; };
		60A1AF362B66898E001006CE /* TMDBAppUITestsLaunchTests.swift */ = {isa = PBXFileReference; lastKnownFileType = sourcecode.swift; path = TMDBAppUITestsLaunchTests.swift; sourceTree = "<group>"; };
/* End PBXFileReference section */

/* Begin PBXFrameworksBuildPhase section */
		60A1AF0D2B66898B001006CE /* Frameworks */ = {
			isa = PBXFrameworksBuildPhase;
			buildActionMask = 2147483647;
			files = (
			);
			runOnlyForDeploymentPostprocessing = 0;
		};
		60A1AF232B66898E001006CE /* Frameworks */ = {
			isa = PBXFrameworksBuildPhase;
			buildActionMask = 2147483647;
			files = (
			);
			runOnlyForDeploymentPostprocessing = 0;
		};
		60A1AF2D2B66898E001006CE /* Frameworks */ = {
			isa = PBXFrameworksBuildPhase;
			buildActionMask = 2147483647;
			files = (
			);
			runOnlyForDeploymentPostprocessing = 0;
		};
/* End PBXFrameworksBuildPhase section */

/* Begin PBXGroup section */
		60A1AF072B66898B001006CE = {
			isa = PBXGroup;
			children = (
				60337A342B680829002045C1 /* Networking */,
				60A1AF122B66898C001006CE /* TMDBApp */,
				60A1AF292B66898E001006CE /* TMDBAppTests */,
				60A1AF332B66898E001006CE /* TMDBAppUITests */,
				60A1AF112B66898B001006CE /* Products */,
			);
			sourceTree = "<group>";
		};
		60A1AF112B66898B001006CE /* Products */ = {
			isa = PBXGroup;
			children = (
				60A1AF102B66898B001006CE /* TMDBApp.app */,
				60A1AF262B66898E001006CE /* TMDBAppTests.xctest */,
				60A1AF302B66898E001006CE /* TMDBAppUITests.xctest */,
			);
			name = Products;
			sourceTree = "<group>";
		};
		60A1AF122B66898C001006CE /* TMDBApp */ = {
			isa = PBXGroup;
			children = (
				60A1AF132B66898C001006CE /* AppDelegate.swift */,
				60A1AF152B66898C001006CE /* SceneDelegate.swift */,
				60A1AF172B66898C001006CE /* ViewController.swift */,
				60A1AF192B66898C001006CE /* Main.storyboard */,
				60A1AF1C2B66898E001006CE /* Assets.xcassets */,
				60A1AF1E2B66898E001006CE /* LaunchScreen.storyboard */,
				60A1AF212B66898E001006CE /* Info.plist */,
			);
			path = TMDBApp;
			sourceTree = "<group>";
		};
		60A1AF292B66898E001006CE /* TMDBAppTests */ = {
			isa = PBXGroup;
			children = (
				60A1AF2A2B66898E001006CE /* TMDBAppTests.swift */,
			);
			path = TMDBAppTests;
			sourceTree = "<group>";
		};
		60A1AF332B66898E001006CE /* TMDBAppUITests */ = {
			isa = PBXGroup;
			children = (
				60A1AF342B66898E001006CE /* TMDBAppUITests.swift */,
				60A1AF362B66898E001006CE /* TMDBAppUITestsLaunchTests.swift */,
			);
			path = TMDBAppUITests;
			sourceTree = "<group>";
		};
/* End PBXGroup section */

/* Begin PBXNativeTarget section */
		60A1AF0F2B66898B001006CE /* TMDBApp */ = {
			isa = PBXNativeTarget;
			buildConfigurationList = 60A1AF3A2B66898F001006CE /* Build configuration list for PBXNativeTarget "TMDBApp" */;
			buildPhases = (
				6007B0952B693E9B00A2CF62 /* SwiftLint */,
				60A1AF0C2B66898B001006CE /* Sources */,
				60A1AF0D2B66898B001006CE /* Frameworks */,
				60A1AF0E2B66898B001006CE /* Resources */,
			);
			buildRules = (
			);
			dependencies = (
			);
			name = TMDBApp;
			productName = TMDBApp;
			productReference = 60A1AF102B66898B001006CE /* TMDBApp.app */;
			productType = "com.apple.product-type.application";
		};
		60A1AF252B66898E001006CE /* TMDBAppTests */ = {
			isa = PBXNativeTarget;
			buildConfigurationList = 60A1AF3D2B66898F001006CE /* Build configuration list for PBXNativeTarget "TMDBAppTests" */;
			buildPhases = (
				60A1AF222B66898E001006CE /* Sources */,
				60A1AF232B66898E001006CE /* Frameworks */,
				60A1AF242B66898E001006CE /* Resources */,
			);
			buildRules = (
			);
			dependencies = (
				60A1AF282B66898E001006CE /* PBXTargetDependency */,
			);
			name = TMDBAppTests;
			productName = TMDBAppTests;
			productReference = 60A1AF262B66898E001006CE /* TMDBAppTests.xctest */;
			productType = "com.apple.product-type.bundle.unit-test";
		};
		60A1AF2F2B66898E001006CE /* TMDBAppUITests */ = {
			isa = PBXNativeTarget;
			buildConfigurationList = 60A1AF402B66898F001006CE /* Build configuration list for PBXNativeTarget "TMDBAppUITests" */;
			buildPhases = (
				60A1AF2C2B66898E001006CE /* Sources */,
				60A1AF2D2B66898E001006CE /* Frameworks */,
				60A1AF2E2B66898E001006CE /* Resources */,
			);
			buildRules = (
			);
			dependencies = (
				60A1AF322B66898E001006CE /* PBXTargetDependency */,
			);
			name = TMDBAppUITests;
			productName = TMDBAppUITests;
			productReference = 60A1AF302B66898E001006CE /* TMDBAppUITests.xctest */;
			productType = "com.apple.product-type.bundle.ui-testing";
		};
/* End PBXNativeTarget section */

/* Begin PBXProject section */
		60A1AF082B66898B001006CE /* Project object */ = {
			isa = PBXProject;
			attributes = {
				BuildIndependentTargetsInParallel = 1;
				LastSwiftUpdateCheck = 1520;
				LastUpgradeCheck = 1520;
				TargetAttributes = {
					60A1AF0F2B66898B001006CE = {
						CreatedOnToolsVersion = 15.2;
					};
					60A1AF252B66898E001006CE = {
						CreatedOnToolsVersion = 15.2;
						TestTargetID = 60A1AF0F2B66898B001006CE;
					};
					60A1AF2F2B66898E001006CE = {
						CreatedOnToolsVersion = 15.2;
						TestTargetID = 60A1AF0F2B66898B001006CE;
					};
				};
			};
			buildConfigurationList = 60A1AF0B2B66898B001006CE /* Build configuration list for PBXProject "TMDBApp" */;
			compatibilityVersion = "Xcode 14.0";
			developmentRegion = en;
			hasScannedForEncodings = 0;
			knownRegions = (
				en,
				Base,
			);
			mainGroup = 60A1AF072B66898B001006CE;
			productRefGroup = 60A1AF112B66898B001006CE /* Products */;
			projectDirPath = "";
			projectRoot = "";
			targets = (
				60A1AF0F2B66898B001006CE /* TMDBApp */,
				60A1AF252B66898E001006CE /* TMDBAppTests */,
				60A1AF2F2B66898E001006CE /* TMDBAppUITests */,
			);
		};
/* End PBXProject section */

/* Begin PBXResourcesBuildPhase section */
		60A1AF0E2B66898B001006CE /* Resources */ = {
			isa = PBXResourcesBuildPhase;
			buildActionMask = 2147483647;
			files = (
				60A1AF202B66898E001006CE /* LaunchScreen.storyboard in Resources */,
				60A1AF1D2B66898E001006CE /* Assets.xcassets in Resources */,
				60A1AF1B2B66898C001006CE /* Main.storyboard in Resources */,
			);
			runOnlyForDeploymentPostprocessing = 0;
		};
		60A1AF242B66898E001006CE /* Resources */ = {
			isa = PBXResourcesBuildPhase;
			buildActionMask = 2147483647;
			files = (
			);
			runOnlyForDeploymentPostprocessing = 0;
		};
		60A1AF2E2B66898E001006CE /* Resources */ = {
			isa = PBXResourcesBuildPhase;
			buildActionMask = 2147483647;
			files = (
			);
			runOnlyForDeploymentPostprocessing = 0;
		};
/* End PBXResourcesBuildPhase section */

/* Begin PBXShellScriptBuildPhase section */
		6007B0952B693E9B00A2CF62 /* SwiftLint */ = {
			isa = PBXShellScriptBuildPhase;
			alwaysOutOfDate = 1;
			buildActionMask = 2147483647;
			files = (
			);
			inputFileListPaths = (
			);
			inputPaths = (
			);
			name = SwiftLint;
			outputFileListPaths = (
			);
			outputPaths = (
			);
			runOnlyForDeploymentPostprocessing = 0;
			shellPath = /bin/sh;
			shellScript = "if which swiftlint >/dev/null; then\n    swiftlint \nelse\n    echo \"warning: SwiftLint not installed, download from https://github.com/realm/SwiftLint\"\nfi\n";
		};
/* End PBXShellScriptBuildPhase section */

/* Begin PBXSourcesBuildPhase section */
		60A1AF0C2B66898B001006CE /* Sources */ = {
			isa = PBXSourcesBuildPhase;
			buildActionMask = 2147483647;
			files = (
				60A1AF182B66898C001006CE /* ViewController.swift in Sources */,
				60A1AF142B66898C001006CE /* AppDelegate.swift in Sources */,
				60A1AF162B66898C001006CE /* SceneDelegate.swift in Sources */,
			);
			runOnlyForDeploymentPostprocessing = 0;
		};
		60A1AF222B66898E001006CE /* Sources */ = {
			isa = PBXSourcesBuildPhase;
			buildActionMask = 2147483647;
			files = (
				60A1AF2B2B66898E001006CE /* TMDBAppTests.swift in Sources */,
			);
			runOnlyForDeploymentPostprocessing = 0;
		};
		60A1AF2C2B66898E001006CE /* Sources */ = {
			isa = PBXSourcesBuildPhase;
			buildActionMask = 2147483647;
			files = (
				60A1AF352B66898E001006CE /* TMDBAppUITests.swift in Sources */,
				60A1AF372B66898E001006CE /* TMDBAppUITestsLaunchTests.swift in Sources */,
			);
			runOnlyForDeploymentPostprocessing = 0;
		};
/* End PBXSourcesBuildPhase section */

/* Begin PBXTargetDependency section */
		60A1AF282B66898E001006CE /* PBXTargetDependency */ = {
			isa = PBXTargetDependency;
			target = 60A1AF0F2B66898B001006CE /* TMDBApp */;
			targetProxy = 60A1AF272B66898E001006CE /* PBXContainerItemProxy */;
		};
		60A1AF322B66898E001006CE /* PBXTargetDependency */ = {
			isa = PBXTargetDependency;
			target = 60A1AF0F2B66898B001006CE /* TMDBApp */;
			targetProxy = 60A1AF312B66898E001006CE /* PBXContainerItemProxy */;
		};
/* End PBXTargetDependency section */

/* Begin PBXVariantGroup section */
		60A1AF192B66898C001006CE /* Main.storyboard */ = {
			isa = PBXVariantGroup;
			children = (
				60A1AF1A2B66898C001006CE /* Base */,
			);
			name = Main.storyboard;
			sourceTree = "<group>";
		};
		60A1AF1E2B66898E001006CE /* LaunchScreen.storyboard */ = {
			isa = PBXVariantGroup;
			children = (
				60A1AF1F2B66898E001006CE /* Base */,
			);
			name = LaunchScreen.storyboard;
			sourceTree = "<group>";
		};
/* End PBXVariantGroup section */

/* Begin XCBuildConfiguration section */
		60A1AF382B66898E001006CE /* Debug */ = {
			isa = XCBuildConfiguration;
			buildSettings = {
				ALWAYS_SEARCH_USER_PATHS = NO;
				ASSETCATALOG_COMPILER_GENERATE_SWIFT_ASSET_SYMBOL_EXTENSIONS = YES;
				CLANG_ANALYZER_NONNULL = YES;
				CLANG_ANALYZER_NUMBER_OBJECT_CONVERSION = YES_AGGRESSIVE;
				CLANG_CXX_LANGUAGE_STANDARD = "gnu++20";
				CLANG_ENABLE_MODULES = YES;
				CLANG_ENABLE_OBJC_ARC = YES;
				CLANG_ENABLE_OBJC_WEAK = YES;
				CLANG_WARN_BLOCK_CAPTURE_AUTORELEASING = YES;
				CLANG_WARN_BOOL_CONVERSION = YES;
				CLANG_WARN_COMMA = YES;
				CLANG_WARN_CONSTANT_CONVERSION = YES;
				CLANG_WARN_DEPRECATED_OBJC_IMPLEMENTATIONS = YES;
				CLANG_WARN_DIRECT_OBJC_ISA_USAGE = YES_ERROR;
				CLANG_WARN_DOCUMENTATION_COMMENTS = YES;
				CLANG_WARN_EMPTY_BODY = YES;
				CLANG_WARN_ENUM_CONVERSION = YES;
				CLANG_WARN_INFINITE_RECURSION = YES;
				CLANG_WARN_INT_CONVERSION = YES;
				CLANG_WARN_NON_LITERAL_NULL_CONVERSION = YES;
				CLANG_WARN_OBJC_IMPLICIT_RETAIN_SELF = YES;
				CLANG_WARN_OBJC_LITERAL_CONVERSION = YES;
				CLANG_WARN_OBJC_ROOT_CLASS = YES_ERROR;
				CLANG_WARN_QUOTED_INCLUDE_IN_FRAMEWORK_HEADER = YES;
				CLANG_WARN_RANGE_LOOP_ANALYSIS = YES;
				CLANG_WARN_STRICT_PROTOTYPES = YES;
				CLANG_WARN_SUSPICIOUS_MOVE = YES;
				CLANG_WARN_UNGUARDED_AVAILABILITY = YES_AGGRESSIVE;
				CLANG_WARN_UNREACHABLE_CODE = YES;
				CLANG_WARN__DUPLICATE_METHOD_MATCH = YES;
				COPY_PHASE_STRIP = NO;
				DEBUG_INFORMATION_FORMAT = dwarf;
				ENABLE_STRICT_OBJC_MSGSEND = YES;
				ENABLE_TESTABILITY = YES;
				ENABLE_USER_SCRIPT_SANDBOXING = YES;
				GCC_C_LANGUAGE_STANDARD = gnu17;
				GCC_DYNAMIC_NO_PIC = NO;
				GCC_NO_COMMON_BLOCKS = YES;
				GCC_OPTIMIZATION_LEVEL = 0;
				GCC_PREPROCESSOR_DEFINITIONS = (
					"DEBUG=1",
					"$(inherited)",
				);
				GCC_WARN_64_TO_32_BIT_CONVERSION = YES;
				GCC_WARN_ABOUT_RETURN_TYPE = YES_ERROR;
				GCC_WARN_UNDECLARED_SELECTOR = YES;
				GCC_WARN_UNINITIALIZED_AUTOS = YES_AGGRESSIVE;
				GCC_WARN_UNUSED_FUNCTION = YES;
				GCC_WARN_UNUSED_VARIABLE = YES;
				IPHONEOS_DEPLOYMENT_TARGET = 17.2;
				LOCALIZATION_PREFERS_STRING_CATALOGS = YES;
				MTL_ENABLE_DEBUG_INFO = INCLUDE_SOURCE;
				MTL_FAST_MATH = YES;
				ONLY_ACTIVE_ARCH = YES;
				SDKROOT = iphoneos;
				SWIFT_ACTIVE_COMPILATION_CONDITIONS = "DEBUG $(inherited)";
				SWIFT_OPTIMIZATION_LEVEL = "-Onone";
			};
			name = Debug;
		};
		60A1AF392B66898E001006CE /* Release */ = {
			isa = XCBuildConfiguration;
			buildSettings = {
				ALWAYS_SEARCH_USER_PATHS = NO;
				ASSETCATALOG_COMPILER_GENERATE_SWIFT_ASSET_SYMBOL_EXTENSIONS = YES;
				CLANG_ANALYZER_NONNULL = YES;
				CLANG_ANALYZER_NUMBER_OBJECT_CONVERSION = YES_AGGRESSIVE;
				CLANG_CXX_LANGUAGE_STANDARD = "gnu++20";
				CLANG_ENABLE_MODULES = YES;
				CLANG_ENABLE_OBJC_ARC = YES;
				CLANG_ENABLE_OBJC_WEAK = YES;
				CLANG_WARN_BLOCK_CAPTURE_AUTORELEASING = YES;
				CLANG_WARN_BOOL_CONVERSION = YES;
				CLANG_WARN_COMMA = YES;
				CLANG_WARN_CONSTANT_CONVERSION = YES;
				CLANG_WARN_DEPRECATED_OBJC_IMPLEMENTATIONS = YES;
				CLANG_WARN_DIRECT_OBJC_ISA_USAGE = YES_ERROR;
				CLANG_WARN_DOCUMENTATION_COMMENTS = YES;
				CLANG_WARN_EMPTY_BODY = YES;
				CLANG_WARN_ENUM_CONVERSION = YES;
				CLANG_WARN_INFINITE_RECURSION = YES;
				CLANG_WARN_INT_CONVERSION = YES;
				CLANG_WARN_NON_LITERAL_NULL_CONVERSION = YES;
				CLANG_WARN_OBJC_IMPLICIT_RETAIN_SELF = YES;
				CLANG_WARN_OBJC_LITERAL_CONVERSION = YES;
				CLANG_WARN_OBJC_ROOT_CLASS = YES_ERROR;
				CLANG_WARN_QUOTED_INCLUDE_IN_FRAMEWORK_HEADER = YES;
				CLANG_WARN_RANGE_LOOP_ANALYSIS = YES;
				CLANG_WARN_STRICT_PROTOTYPES = YES;
				CLANG_WARN_SUSPICIOUS_MOVE = YES;
				CLANG_WARN_UNGUARDED_AVAILABILITY = YES_AGGRESSIVE;
				CLANG_WARN_UNREACHABLE_CODE = YES;
				CLANG_WARN__DUPLICATE_METHOD_MATCH = YES;
				COPY_PHASE_STRIP = NO;
				DEBUG_INFORMATION_FORMAT = "dwarf-with-dsym";
				ENABLE_NS_ASSERTIONS = NO;
				ENABLE_STRICT_OBJC_MSGSEND = YES;
				ENABLE_USER_SCRIPT_SANDBOXING = YES;
				GCC_C_LANGUAGE_STANDARD = gnu17;
				GCC_NO_COMMON_BLOCKS = YES;
				GCC_WARN_64_TO_32_BIT_CONVERSION = YES;
				GCC_WARN_ABOUT_RETURN_TYPE = YES_ERROR;
				GCC_WARN_UNDECLARED_SELECTOR = YES;
				GCC_WARN_UNINITIALIZED_AUTOS = YES_AGGRESSIVE;
				GCC_WARN_UNUSED_FUNCTION = YES;
				GCC_WARN_UNUSED_VARIABLE = YES;
				IPHONEOS_DEPLOYMENT_TARGET = 17.2;
				LOCALIZATION_PREFERS_STRING_CATALOGS = YES;
				MTL_ENABLE_DEBUG_INFO = NO;
				MTL_FAST_MATH = YES;
				SDKROOT = iphoneos;
				SWIFT_COMPILATION_MODE = wholemodule;
				VALIDATE_PRODUCT = YES;
			};
			name = Release;
		};
		60A1AF3B2B66898F001006CE /* Debug */ = {
			isa = XCBuildConfiguration;
			buildSettings = {
				ASSETCATALOG_COMPILER_APPICON_NAME = AppIcon;
				ASSETCATALOG_COMPILER_GLOBAL_ACCENT_COLOR_NAME = AccentColor;
				CODE_SIGN_STYLE = Automatic;
				CURRENT_PROJECT_VERSION = 1;
				ENABLE_USER_SCRIPT_SANDBOXING = NO;
				GENERATE_INFOPLIST_FILE = YES;
				INFOPLIST_FILE = TMDBApp/Info.plist;
				INFOPLIST_KEY_UIApplicationSupportsIndirectInputEvents = YES;
				INFOPLIST_KEY_UILaunchStoryboardName = LaunchScreen;
				INFOPLIST_KEY_UIMainStoryboardFile = Main;
				INFOPLIST_KEY_UISupportedInterfaceOrientations_iPad = "UIInterfaceOrientationPortrait UIInterfaceOrientationPortraitUpsideDown UIInterfaceOrientationLandscapeLeft UIInterfaceOrientationLandscapeRight";
				INFOPLIST_KEY_UISupportedInterfaceOrientations_iPhone = "UIInterfaceOrientationPortrait UIInterfaceOrientationLandscapeLeft UIInterfaceOrientationLandscapeRight";
				IPHONEOS_DEPLOYMENT_TARGET = 17.0;
				LD_RUNPATH_SEARCH_PATHS = (
					"$(inherited)",
					"@executable_path/Frameworks",
				);
				MARKETING_VERSION = 1.0;
				PRODUCT_BUNDLE_IDENTIFIER = edu.com.learing.TMDBApp;
				PRODUCT_NAME = "$(TARGET_NAME)";
				SUPPORTED_PLATFORMS = "iphoneos iphonesimulator";
				SUPPORTS_MACCATALYST = NO;
				SUPPORTS_MAC_DESIGNED_FOR_IPHONE_IPAD = NO;
				SUPPORTS_XR_DESIGNED_FOR_IPHONE_IPAD = NO;
				SWIFT_EMIT_LOC_STRINGS = YES;
				SWIFT_VERSION = 5.0;
				TARGETED_DEVICE_FAMILY = "1,2";
			};
			name = Debug;
		};
		60A1AF3C2B66898F001006CE /* Release */ = {
			isa = XCBuildConfiguration;
			buildSettings = {
				ASSETCATALOG_COMPILER_APPICON_NAME = AppIcon;
				ASSETCATALOG_COMPILER_GLOBAL_ACCENT_COLOR_NAME = AccentColor;
				CODE_SIGN_STYLE = Automatic;
				CURRENT_PROJECT_VERSION = 1;
				ENABLE_USER_SCRIPT_SANDBOXING = NO;
				GENERATE_INFOPLIST_FILE = YES;
				INFOPLIST_FILE = TMDBApp/Info.plist;
				INFOPLIST_KEY_UIApplicationSupportsIndirectInputEvents = YES;
				INFOPLIST_KEY_UILaunchStoryboardName = LaunchScreen;
				INFOPLIST_KEY_UIMainStoryboardFile = Main;
				INFOPLIST_KEY_UISupportedInterfaceOrientations_iPad = "UIInterfaceOrientationPortrait UIInterfaceOrientationPortraitUpsideDown UIInterfaceOrientationLandscapeLeft UIInterfaceOrientationLandscapeRight";
				INFOPLIST_KEY_UISupportedInterfaceOrientations_iPhone = "UIInterfaceOrientationPortrait UIInterfaceOrientationLandscapeLeft UIInterfaceOrientationLandscapeRight";
				IPHONEOS_DEPLOYMENT_TARGET = 17.0;
				LD_RUNPATH_SEARCH_PATHS = (
					"$(inherited)",
					"@executable_path/Frameworks",
				);
				MARKETING_VERSION = 1.0;
				PRODUCT_BUNDLE_IDENTIFIER = edu.com.learing.TMDBApp;
				PRODUCT_NAME = "$(TARGET_NAME)";
				SUPPORTED_PLATFORMS = "iphoneos iphonesimulator";
				SUPPORTS_MACCATALYST = NO;
				SUPPORTS_MAC_DESIGNED_FOR_IPHONE_IPAD = NO;
				SUPPORTS_XR_DESIGNED_FOR_IPHONE_IPAD = NO;
				SWIFT_EMIT_LOC_STRINGS = YES;
				SWIFT_VERSION = 5.0;
				TARGETED_DEVICE_FAMILY = "1,2";
			};
			name = Release;
		};
		60A1AF3E2B66898F001006CE /* Debug */ = {
			isa = XCBuildConfiguration;
			buildSettings = {
				ALWAYS_EMBED_SWIFT_STANDARD_LIBRARIES = YES;
				BUNDLE_LOADER = "$(TEST_HOST)";
				CODE_SIGN_STYLE = Automatic;
				CURRENT_PROJECT_VERSION = 1;
				GENERATE_INFOPLIST_FILE = YES;
				IPHONEOS_DEPLOYMENT_TARGET = 17.2;
				MARKETING_VERSION = 1.0;
				PRODUCT_BUNDLE_IDENTIFIER = edu.com.learing.TMDBAppTests;
				PRODUCT_NAME = "$(TARGET_NAME)";
				SWIFT_EMIT_LOC_STRINGS = NO;
				SWIFT_VERSION = 5.0;
				TARGETED_DEVICE_FAMILY = "1,2";
				TEST_HOST = "$(BUILT_PRODUCTS_DIR)/TMDBApp.app/$(BUNDLE_EXECUTABLE_FOLDER_PATH)/TMDBApp";
			};
			name = Debug;
		};
		60A1AF3F2B66898F001006CE /* Release */ = {
			isa = XCBuildConfiguration;
			buildSettings = {
				ALWAYS_EMBED_SWIFT_STANDARD_LIBRARIES = YES;
				BUNDLE_LOADER = "$(TEST_HOST)";
				CODE_SIGN_STYLE = Automatic;
				CURRENT_PROJECT_VERSION = 1;
				GENERATE_INFOPLIST_FILE = YES;
				IPHONEOS_DEPLOYMENT_TARGET = 17.2;
				MARKETING_VERSION = 1.0;
				PRODUCT_BUNDLE_IDENTIFIER = edu.com.learing.TMDBAppTests;
				PRODUCT_NAME = "$(TARGET_NAME)";
				SWIFT_EMIT_LOC_STRINGS = NO;
				SWIFT_VERSION = 5.0;
				TARGETED_DEVICE_FAMILY = "1,2";
				TEST_HOST = "$(BUILT_PRODUCTS_DIR)/TMDBApp.app/$(BUNDLE_EXECUTABLE_FOLDER_PATH)/TMDBApp";
			};
			name = Release;
		};
		60A1AF412B66898F001006CE /* Debug */ = {
			isa = XCBuildConfiguration;
			buildSettings = {
				ALWAYS_EMBED_SWIFT_STANDARD_LIBRARIES = YES;
				CODE_SIGN_STYLE = Automatic;
				CURRENT_PROJECT_VERSION = 1;
				GENERATE_INFOPLIST_FILE = YES;
				MARKETING_VERSION = 1.0;
				PRODUCT_BUNDLE_IDENTIFIER = edu.com.learing.TMDBAppUITests;
				PRODUCT_NAME = "$(TARGET_NAME)";
				SWIFT_EMIT_LOC_STRINGS = NO;
				SWIFT_VERSION = 5.0;
				TARGETED_DEVICE_FAMILY = "1,2";
				TEST_TARGET_NAME = TMDBApp;
			};
			name = Debug;
		};
		60A1AF422B66898F001006CE /* Release */ = {
			isa = XCBuildConfiguration;
			buildSettings = {
				ALWAYS_EMBED_SWIFT_STANDARD_LIBRARIES = YES;
				CODE_SIGN_STYLE = Automatic;
				CURRENT_PROJECT_VERSION = 1;
				GENERATE_INFOPLIST_FILE = YES;
				MARKETING_VERSION = 1.0;
				PRODUCT_BUNDLE_IDENTIFIER = edu.com.learing.TMDBAppUITests;
				PRODUCT_NAME = "$(TARGET_NAME)";
				SWIFT_EMIT_LOC_STRINGS = NO;
				SWIFT_VERSION = 5.0;
				TARGETED_DEVICE_FAMILY = "1,2";
				TEST_TARGET_NAME = TMDBApp;
			};
			name = Release;
		};
/* End XCBuildConfiguration section */

/* Begin XCConfigurationList section */
		60A1AF0B2B66898B001006CE /* Build configuration list for PBXProject "TMDBApp" */ = {
			isa = XCConfigurationList;
			buildConfigurations = (
				60A1AF382B66898E001006CE /* Debug */,
				60A1AF392B66898E001006CE /* Release */,
			);
			defaultConfigurationIsVisible = 0;
			defaultConfigurationName = Release;
		};
		60A1AF3A2B66898F001006CE /* Build configuration list for PBXNativeTarget "TMDBApp" */ = {
			isa = XCConfigurationList;
			buildConfigurations = (
				60A1AF3B2B66898F001006CE /* Debug */,
				60A1AF3C2B66898F001006CE /* Release */,
			);
			defaultConfigurationIsVisible = 0;
			defaultConfigurationName = Release;
		};
		60A1AF3D2B66898F001006CE /* Build configuration list for PBXNativeTarget "TMDBAppTests" */ = {
			isa = XCConfigurationList;
			buildConfigurations = (
				60A1AF3E2B66898F001006CE /* Debug */,
				60A1AF3F2B66898F001006CE /* Release */,
			);
			defaultConfigurationIsVisible = 0;
			defaultConfigurationName = Release;
		};
		60A1AF402B66898F001006CE /* Build configuration list for PBXNativeTarget "TMDBAppUITests" */ = {
			isa = XCConfigurationList;
			buildConfigurations = (
				60A1AF412B66898F001006CE /* Debug */,
				60A1AF422B66898F001006CE /* Release */,
			);
			defaultConfigurationIsVisible = 0;
			defaultConfigurationName = Release;
		};
/* End XCConfigurationList section */
	};
	rootObject = 60A1AF082B66898B001006CE /* Project object */;
}
